
Microsoft Visual Studio Solution File, Format Version 12.00
# Visual Studio Version 17
VisualStudioVersion = 17.4.33110.190
MinimumVisualStudioVersion = 10.0.40219.1
Project("{9A19103F-16F7-4668-BE54-9A1E7A4F7556}") = "M01A02A", "M01A02A\M01A02A.csproj", "{2E84494B-0B98-4272-B783-5DD9010FA678}"
EndProject
Project("{9A19103F-16F7-4668-BE54-9A1E7A4F7556}") = "M01A02B", "M01A02B\M01A02B.csproj", "{7AEECD3F-DA55-44A0-969A-F8CC65B111C9}"
EndProject
Project("{9A19103F-16F7-4668-BE54-9A1E7A4F7556}") = "M01A02C", "M01A02C\M01A02C.csproj", "{855178B2-C125-49FF-B966-0023AD336CA1}"
EndProject
Project("{9A19103F-16F7-4668-BE54-9A1E7A4F7556}") = "M01A02D", "M01A02D\M01A02D.csproj", "{51330614-78C0-4A6B-B624-564F6E21BE1C}"
EndProject
Project("{9A19103F-16F7-4668-BE54-9A1E7A4F7556}") = "M01A02E", "M01A02E\M01A02E.csproj", "{8627482E-59A9-4760-82A8-275E8C69254E}"
EndProject
Project("{9A19103F-16F7-4668-BE54-9A1E7A4F7556}") = "M01A03", "M01A03\M01A03.csproj", "{8489ABA2-99B9-47F5-A336-5E8759CE6CF9}"
EndProject
Project("{9A19103F-16F7-4668-BE54-9A1E7A4F7556}") = "M01A04", "M01A04\M01A04.csproj", "{B3CAA418-6CE1-4D9A-A75C-5FFE9143655D}"
EndProject
Project("{9A19103F-16F7-4668-BE54-9A1E7A4F7556}") = "M01A05A", "M01A05\M01A05A.csproj", "{DD0FB5AB-38D6-4CC9-982E-6FE70A40360A}"
EndProject
Project("{9A19103F-16F7-4668-BE54-9A1E7A4F7556}") = "M01A05B", "M01A05B\M01A05B.csproj", "{4B721A22-F2A5-4B03-ADDF-D50EE52FD510}"
EndProject
Project("{9A19103F-16F7-4668-BE54-9A1E7A4F7556}") = "M01A06", "M01A06\M01A06.csproj", "{FEF007FA-895B-4299-A38C-B9B9718D173C}"
EndProject
Project("{9A19103F-16F7-4668-BE54-9A1E7A4F7556}") = "M01A07", "M01A07\M01A07.csproj", "{E12ADCFF-6396-4CF1-9766-C4E65E696CAB}"
EndProject
Project("{9A19103F-16F7-4668-BE54-9A1E7A4F7556}") = "M01A08A", "M01A08A\M01A08A.csproj", "{047A93C4-8ECD-4FA6-A1A3-867DE644F78D}"
EndProject
Project("{9A19103F-16F7-4668-BE54-9A1E7A4F7556}") = "M01A08B", "M01A08B\M01A08B.csproj", "{C732105E-9820-40AC-B05D-BD046BA0F0BE}"
EndProject
Project("{9A19103F-16F7-4668-BE54-9A1E7A4F7556}") = "M01A08C", "M01A08C\M01A08C.csproj", "{A70376FE-7589-402F-9B2C-1349AAB969BC}"
EndProject
Project("{9A19103F-16F7-4668-BE54-9A1E7A4F7556}") = "M01A08D", "M01A08D\M01A08D.csproj", "{329D5CE6-80DB-4761-A05E-612157ECC1F3}"
EndProject
Project("{9A19103F-16F7-4668-BE54-9A1E7A4F7556}") = "M01A08E", "M01A08E\M01A08E.csproj", "{8D051AF4-3488-4254-B00D-FF0C04E2A3A5}"
EndProject
Project("{9A19103F-16F7-4668-BE54-9A1E7A4F7556}") = "M01A08F", "M01A08F\M01A08F.csproj", "{C17F169B-31A3-4853-A472-41A716BC0D5B}"
EndProject
Project("{9A19103F-16F7-4668-BE54-9A1E7A4F7556}") = "M01A09", "M01A09\M01A09.csproj", "{DCF5AF3B-3C10-493B-968B-09A95035D778}"
EndProject
Project("{9A19103F-16F7-4668-BE54-9A1E7A4F7556}") = "M01A10", "M01A10\M01A10.csproj", "{7CD799ED-89FB-4E02-85AE-580C104DC8C3}"
EndProject
Project("{FAE04EC0-301F-11D3-BF4B-00C04F79EFBC}") = "M01A11A", "M01A11A\M01A11A.csproj", "{9B0A5976-11DB-4235-8E8E-8CB057AC1EFD}"
EndProject
Project("{FAE04EC0-301F-11D3-BF4B-00C04F79EFBC}") = "M01A11B", "M01A11B\M01A11B.csproj", "{96AB7B7A-2F51-4248-96B4-9779CBFE88B0}"
EndProject
Global
	GlobalSection(SolutionConfigurationPlatforms) = preSolution
		Debug|Any CPU = Debug|Any CPU
		Release|Any CPU = Release|Any CPU
	EndGlobalSection
	GlobalSection(ProjectConfigurationPlatforms) = postSolution
		{2E84494B-0B98-4272-B783-5DD9010FA678}.Debug|Any CPU.ActiveCfg = Debug|Any CPU
		{2E84494B-0B98-4272-B783-5DD9010FA678}.Debug|Any CPU.Build.0 = Debug|Any CPU
		{2E84494B-0B98-4272-B783-5DD9010FA678}.Release|Any CPU.ActiveCfg = Release|Any CPU
		{2E84494B-0B98-4272-B783-5DD9010FA678}.Release|Any CPU.Build.0 = Release|Any CPU
		{7AEECD3F-DA55-44A0-969A-F8CC65B111C9}.Debug|Any CPU.ActiveCfg = Debug|Any CPU
		{7AEECD3F-DA55-44A0-969A-F8CC65B111C9}.Debug|Any CPU.Build.0 = Debug|Any CPU
		{7AEECD3F-DA55-44A0-969A-F8CC65B111C9}.Release|Any CPU.ActiveCfg = Release|Any CPU
		{7AEECD3F-DA55-44A0-969A-F8CC65B111C9}.Release|Any CPU.Build.0 = Release|Any CPU
		{855178B2-C125-49FF-B966-0023AD336CA1}.Debug|Any CPU.ActiveCfg = Debug|Any CPU
		{855178B2-C125-49FF-B966-0023AD336CA1}.Debug|Any CPU.Build.0 = Debug|Any CPU
		{855178B2-C125-49FF-B966-0023AD336CA1}.Release|Any CPU.ActiveCfg = Release|Any CPU
		{855178B2-C125-49FF-B966-0023AD336CA1}.Release|Any CPU.Build.0 = Release|Any CPU
		{51330614-78C0-4A6B-B624-564F6E21BE1C}.Debug|Any CPU.ActiveCfg = Debug|Any CPU
		{51330614-78C0-4A6B-B624-564F6E21BE1C}.Debug|Any CPU.Build.0 = Debug|Any CPU
		{51330614-78C0-4A6B-B624-564F6E21BE1C}.Release|Any CPU.ActiveCfg = Release|Any CPU
		{51330614-78C0-4A6B-B624-564F6E21BE1C}.Release|Any CPU.Build.0 = Release|Any CPU
		{8627482E-59A9-4760-82A8-275E8C69254E}.Debug|Any CPU.ActiveCfg = Debug|Any CPU
		{8627482E-59A9-4760-82A8-275E8C69254E}.Debug|Any CPU.Build.0 = Debug|Any CPU
		{8627482E-59A9-4760-82A8-275E8C69254E}.Release|Any CPU.ActiveCfg = Release|Any CPU
		{8627482E-59A9-4760-82A8-275E8C69254E}.Release|Any CPU.Build.0 = Release|Any CPU
		{8489ABA2-99B9-47F5-A336-5E8759CE6CF9}.Debug|Any CPU.ActiveCfg = Debug|Any CPU
		{8489ABA2-99B9-47F5-A336-5E8759CE6CF9}.Debug|Any CPU.Build.0 = Debug|Any CPU
		{8489ABA2-99B9-47F5-A336-5E8759CE6CF9}.Release|Any CPU.ActiveCfg = Release|Any CPU
		{8489ABA2-99B9-47F5-A336-5E8759CE6CF9}.Release|Any CPU.Build.0 = Release|Any CPU
		{B3CAA418-6CE1-4D9A-A75C-5FFE9143655D}.Debug|Any CPU.ActiveCfg = Debug|Any CPU
		{B3CAA418-6CE1-4D9A-A75C-5FFE9143655D}.Debug|Any CPU.Build.0 = Debug|Any CPU
		{B3CAA418-6CE1-4D9A-A75C-5FFE9143655D}.Release|Any CPU.ActiveCfg = Release|Any CPU
		{B3CAA418-6CE1-4D9A-A75C-5FFE9143655D}.Release|Any CPU.Build.0 = Release|Any CPU
		{DD0FB5AB-38D6-4CC9-982E-6FE70A40360A}.Debug|Any CPU.ActiveCfg = Debug|Any CPU
		{DD0FB5AB-38D6-4CC9-982E-6FE70A40360A}.Debug|Any CPU.Build.0 = Debug|Any CPU
		{DD0FB5AB-38D6-4CC9-982E-6FE70A40360A}.Release|Any CPU.ActiveCfg = Release|Any CPU
		{DD0FB5AB-38D6-4CC9-982E-6FE70A40360A}.Release|Any CPU.Build.0 = Release|Any CPU
		{4B721A22-F2A5-4B03-ADDF-D50EE52FD510}.Debug|Any CPU.ActiveCfg = Debug|Any CPU
		{4B721A22-F2A5-4B03-ADDF-D50EE52FD510}.Debug|Any CPU.Build.0 = Debug|Any CPU
		{4B721A22-F2A5-4B03-ADDF-D50EE52FD510}.Release|Any CPU.ActiveCfg = Release|Any CPU
		{4B721A22-F2A5-4B03-ADDF-D50EE52FD510}.Release|Any CPU.Build.0 = Release|Any CPU
		{FEF007FA-895B-4299-A38C-B9B9718D173C}.Debug|Any CPU.ActiveCfg = Debug|Any CPU
		{FEF007FA-895B-4299-A38C-B9B9718D173C}.Debug|Any CPU.Build.0 = Debug|Any CPU
		{FEF007FA-895B-4299-A38C-B9B9718D173C}.Release|Any CPU.ActiveCfg = Release|Any CPU
		{FEF007FA-895B-4299-A38C-B9B9718D173C}.Release|Any CPU.Build.0 = Release|Any CPU
		{E12ADCFF-6396-4CF1-9766-C4E65E696CAB}.Debug|Any CPU.ActiveCfg = Debug|Any CPU
		{E12ADCFF-6396-4CF1-9766-C4E65E696CAB}.Debug|Any CPU.Build.0 = Debug|Any CPU
		{E12ADCFF-6396-4CF1-9766-C4E65E696CAB}.Release|Any CPU.ActiveCfg = Release|Any CPU
		{E12ADCFF-6396-4CF1-9766-C4E65E696CAB}.Release|Any CPU.Build.0 = Release|Any CPU
		{047A93C4-8ECD-4FA6-A1A3-867DE644F78D}.Debug|Any CPU.ActiveCfg = Debug|Any CPU
		{047A93C4-8ECD-4FA6-A1A3-867DE644F78D}.Debug|Any CPU.Build.0 = Debug|Any CPU
		{047A93C4-8ECD-4FA6-A1A3-867DE644F78D}.Release|Any CPU.ActiveCfg = Release|Any CPU
		{047A93C4-8ECD-4FA6-A1A3-867DE644F78D}.Release|Any CPU.Build.0 = Release|Any CPU
		{C732105E-9820-40AC-B05D-BD046BA0F0BE}.Debug|Any CPU.ActiveCfg = Debug|Any CPU
		{C732105E-9820-40AC-B05D-BD046BA0F0BE}.Debug|Any CPU.Build.0 = Debug|Any CPU
		{C732105E-9820-40AC-B05D-BD046BA0F0BE}.Release|Any CPU.ActiveCfg = Release|Any CPU
		{C732105E-9820-40AC-B05D-BD046BA0F0BE}.Release|Any CPU.Build.0 = Release|Any CPU
		{A70376FE-7589-402F-9B2C-1349AAB969BC}.Debug|Any CPU.ActiveCfg = Debug|Any CPU
		{A70376FE-7589-402F-9B2C-1349AAB969BC}.Debug|Any CPU.Build.0 = Debug|Any CPU
		{A70376FE-7589-402F-9B2C-1349AAB969BC}.Release|Any CPU.ActiveCfg = Release|Any CPU
		{A70376FE-7589-402F-9B2C-1349AAB969BC}.Release|Any CPU.Build.0 = Release|Any CPU
		{329D5CE6-80DB-4761-A05E-612157ECC1F3}.Debug|Any CPU.ActiveCfg = Debug|Any CPU
		{329D5CE6-80DB-4761-A05E-612157ECC1F3}.Debug|Any CPU.Build.0 = Debug|Any CPU
		{329D5CE6-80DB-4761-A05E-612157ECC1F3}.Release|Any CPU.ActiveCfg = Release|Any CPU
		{329D5CE6-80DB-4761-A05E-612157ECC1F3}.Release|Any CPU.Build.0 = Release|Any CPU
		{8D051AF4-3488-4254-B00D-FF0C04E2A3A5}.Debug|Any CPU.ActiveCfg = Debug|Any CPU
		{8D051AF4-3488-4254-B00D-FF0C04E2A3A5}.Debug|Any CPU.Build.0 = Debug|Any CPU
		{8D051AF4-3488-4254-B00D-FF0C04E2A3A5}.Release|Any CPU.ActiveCfg = Release|Any CPU
		{8D051AF4-3488-4254-B00D-FF0C04E2A3A5}.Release|Any CPU.Build.0 = Release|Any CPU
		{C17F169B-31A3-4853-A472-41A716BC0D5B}.Debug|Any CPU.ActiveCfg = Debug|Any CPU
		{C17F169B-31A3-4853-A472-41A716BC0D5B}.Debug|Any CPU.Build.0 = Debug|Any CPU
		{C17F169B-31A3-4853-A472-41A716BC0D5B}.Release|Any CPU.ActiveCfg = Release|Any CPU
		{C17F169B-31A3-4853-A472-41A716BC0D5B}.Release|Any CPU.Build.0 = Release|Any CPU
		{DCF5AF3B-3C10-493B-968B-09A95035D778}.Debug|Any CPU.ActiveCfg = Debug|Any CPU
		{DCF5AF3B-3C10-493B-968B-09A95035D778}.Debug|Any CPU.Build.0 = Debug|Any CPU
		{DCF5AF3B-3C10-493B-968B-09A95035D778}.Release|Any CPU.ActiveCfg = Release|Any CPU
		{DCF5AF3B-3C10-493B-968B-09A95035D778}.Release|Any CPU.Build.0 = Release|Any CPU
		{7CD799ED-89FB-4E02-85AE-580C104DC8C3}.Debug|Any CPU.ActiveCfg = Debug|Any CPU
		{7CD799ED-89FB-4E02-85AE-580C104DC8C3}.Debug|Any CPU.Build.0 = Debug|Any CPU
		{7CD799ED-89FB-4E02-85AE-580C104DC8C3}.Release|Any CPU.ActiveCfg = Release|Any CPU
		{7CD799ED-89FB-4E02-85AE-580C104DC8C3}.Release|Any CPU.Build.0 = Release|Any CPU
		{9B0A5976-11DB-4235-8E8E-8CB057AC1EFD}.Debug|Any CPU.ActiveCfg = Debug|Any CPU
		{9B0A5976-11DB-4235-8E8E-8CB057AC1EFD}.Debug|Any CPU.Build.0 = Debug|Any CPU
		{9B0A5976-11DB-4235-8E8E-8CB057AC1EFD}.Release|Any CPU.ActiveCfg = Release|Any CPU
		{9B0A5976-11DB-4235-8E8E-8CB057AC1EFD}.Release|Any CPU.Build.0 = Release|Any CPU
		{96AB7B7A-2F51-4248-96B4-9779CBFE88B0}.Debug|Any CPU.ActiveCfg = Debug|Any CPU
		{96AB7B7A-2F51-4248-96B4-9779CBFE88B0}.Debug|Any CPU.Build.0 = Debug|Any CPU
		{96AB7B7A-2F51-4248-96B4-9779CBFE88B0}.Release|Any CPU.ActiveCfg = Release|Any CPU
		{96AB7B7A-2F51-4248-96B4-9779CBFE88B0}.Release|Any CPU.Build.0 = Release|Any CPU
	EndGlobalSection
	GlobalSection(SolutionProperties) = preSolution
		HideSolutionNode = FALSE
	EndGlobalSection
	GlobalSection(ExtensibilityGlobals) = postSolution
		SolutionGuid = {C196933B-94D2-4472-8BA3-DC78DA9B9556}
	EndGlobalSection
EndGlobal
